
Microsoft Visual Studio Solution File, Format Version 12.00
# Visual Studio Version 16
VisualStudioVersion = 16.0.34729.46
MinimumVisualStudioVersion = 10.0.40219.1
Project("{FAE04EC0-301F-11D3-BF4B-00C04F79EFBC}") = "Server_TCP_File", "Server_TCP_File\Server_TCP_File.csproj", "{CBF0EE67-3E66-4D07-B535-6EDF84D18746}"
EndProject
Global
	GlobalSection(SolutionConfigurationPlatforms) = preSolution
		Debug|Any CPU = Debug|Any CPU
		Release|Any CPU = Release|Any CPU
	EndGlobalSection
	GlobalSection(ProjectConfigurationPlatforms) = postSolution
		{CBF0EE67-3E66-4D07-B535-6EDF84D18746}.Debug|Any CPU.ActiveCfg = Debug|Any CPU
		{CBF0EE67-3E66-4D07-B535-6EDF84D18746}.Debug|Any CPU.Build.0 = Debug|Any CPU
		{CBF0EE67-3E66-4D07-B535-6EDF84D18746}.Release|Any CPU.ActiveCfg = Release|Any CPU
		{CBF0EE67-3E66-4D07-B535-6EDF84D18746}.Release|Any CPU.Build.0 = Release|Any CPU
	EndGlobalSection
	GlobalSection(SolutionProperties) = preSolution
		HideSolutionNode = FALSE
	EndGlobalSection
	GlobalSection(ExtensibilityGlobals) = postSolution
		SolutionGuid = {A4839F53-39EC-492C-A049-D29F19BBE162}
	EndGlobalSection
EndGlobal
